
Microsoft Visual Studio Solution File, Format Version 12.00
# Visual Studio 14
VisualStudioVersion = 14.0.23107.0
MinimumVisualStudioVersion = 10.0.40219.1
Project("{FAE04EC0-301F-11D3-BF4B-00C04F79EFBC}") = "ClassLibrary Twelve", "ClassLibrary Twelve\ClassLibrary Twelve.csproj", "{35FD1515-6442-403B-A52F-941306F47BC0}"
EndProject
Project("{FAE04EC0-301F-11D3-BF4B-00C04F79EFBC}") = "Twelve", "Twelve\Twelve.csproj", "{A8F96344-F915-483F-97FA-40D5DC18C259}"
EndProject
Global
	GlobalSection(SolutionConfigurationPlatforms) = preSolution
		Debug|Any CPU = Debug|Any CPU
		Release|Any CPU = Release|Any CPU
	EndGlobalSection
	GlobalSection(ProjectConfigurationPlatforms) = postSolution
		{35FD1515-6442-403B-A52F-941306F47BC0}.Debug|Any CPU.ActiveCfg = Debug|Any CPU
		{35FD1515-6442-403B-A52F-941306F47BC0}.Debug|Any CPU.Build.0 = Debug|Any CPU
		{35FD1515-6442-403B-A52F-941306F47BC0}.Release|Any CPU.ActiveCfg = Release|Any CPU
		{35FD1515-6442-403B-A52F-941306F47BC0}.Release|Any CPU.Build.0 = Release|Any CPU
		{A8F96344-F915-483F-97FA-40D5DC18C259}.Debug|Any CPU.ActiveCfg = Debug|Any CPU
		{A8F96344-F915-483F-97FA-40D5DC18C259}.Debug|Any CPU.Build.0 = Debug|Any CPU
		{A8F96344-F915-483F-97FA-40D5DC18C259}.Release|Any CPU.ActiveCfg = Release|Any CPU
		{A8F96344-F915-483F-97FA-40D5DC18C259}.Release|Any CPU.Build.0 = Release|Any CPU
	EndGlobalSection
	GlobalSection(SolutionProperties) = preSolution
		HideSolutionNode = FALSE
	EndGlobalSection
EndGlobal
